
Microsoft Visual Studio Solution File, Format Version 12.00
# Visual Studio Version 17
VisualStudioVersion = 17.8.34330.188
MinimumVisualStudioVersion = 10.0.40219.1
Project("{9A19103F-16F7-4668-BE54-9A1E7A4F7556}") = "DependencyStore", "DependencyStore.csproj", "{A2998F67-64BD-490E-AE85-460106B27CC2}"
EndProject
Global
	GlobalSection(SolutionConfigurationPlatforms) = preSolution
		Debug|Any CPU = Debug|Any CPU
		Release|Any CPU = Release|Any CPU
	EndGlobalSection
	GlobalSection(ProjectConfigurationPlatforms) = postSolution
		{A2998F67-64BD-490E-AE85-460106B27CC2}.Debug|Any CPU.ActiveCfg = Debug|Any CPU
		{A2998F67-64BD-490E-AE85-460106B27CC2}.Debug|Any CPU.Build.0 = Debug|Any CPU
		{A2998F67-64BD-490E-AE85-460106B27CC2}.Release|Any CPU.ActiveCfg = Release|Any CPU
		{A2998F67-64BD-490E-AE85-460106B27CC2}.Release|Any CPU.Build.0 = Release|Any CPU
	EndGlobalSection
	GlobalSection(SolutionProperties) = preSolution
		HideSolutionNode = FALSE
	EndGlobalSection
	GlobalSection(ExtensibilityGlobals) = postSolution
		SolutionGuid = {08C0ACCB-FFB5-4DF4-B2D3-30C9B6C44385}
	EndGlobalSection
EndGlobal
